// !$*UTF8*$!
{
	archiveVersion = 1;
	classes = {
	};
	objectVersion = 46;
	objects = {

/* Begin PBXBuildFile section */
		3FBC2D66170439E400F58D7F /* UIKit.framework in Frameworks */ = {isa = PBXBuildFile; fileRef = 3FBC2D65170439E400F58D7F /* UIKit.framework */; };
		3FBC2D68170439E400F58D7F /* Foundation.framework in Frameworks */ = {isa = PBXBuildFile; fileRef = 3FBC2D67170439E400F58D7F /* Foundation.framework */; };
		3FBC2D6A170439E400F58D7F /* CoreGraphics.framework in Frameworks */ = {isa = PBXBuildFile; fileRef = 3FBC2D69170439E400F58D7F /* CoreGraphics.framework */; };
		3FBC2D70170439E400F58D7F /* InfoPlist.strings in Resources */ = {isa = PBXBuildFile; fileRef = 3FBC2D6E170439E400F58D7F /* InfoPlist.strings */; };
		3FBC2D72170439E400F58D7F /* main.m in Sources */ = {isa = PBXBuildFile; fileRef = 3FBC2D71170439E400F58D7F /* main.m */; };
		3FBC2D76170439E400F58D7F /* BTAppDelegate.m in Sources */ = {isa = PBXBuildFile; fileRef = 3FBC2D75170439E400F58D7F /* BTAppDelegate.m */; };
		3FBC2D78170439E400F58D7F /* Default.png in Resources */ = {isa = PBXBuildFile; fileRef = 3FBC2D77170439E400F58D7F /* Default.png */; };
		3FBC2D7A170439E400F58D7F /* Default@2x.png in Resources */ = {isa = PBXBuildFile; fileRef = 3FBC2D79170439E400F58D7F /* Default@2x.png */; };
		3FBC2D7C170439E400F58D7F /* Default-568h@2x.png in Resources */ = {isa = PBXBuildFile; fileRef = 3FBC2D7B170439E400F58D7F /* Default-568h@2x.png */; };
		3FBC2D8417043A1B00F58D7F /* BTRootViewController.m in Sources */ = {isa = PBXBuildFile; fileRef = 3FBC2D8317043A1B00F58D7F /* BTRootViewController.m */; };
		3FBC2D8717043D5B00F58D7F /* BTThreadPool.m in Sources */ = {isa = PBXBuildFile; fileRef = 3FBC2D8617043D5B00F58D7F /* BTThreadPool.m */; };
		3FBC2D8A17044D8A00F58D7F /* BTTask.m in Sources */ = {isa = PBXBuildFile; fileRef = 3FBC2D8917044D8A00F58D7F /* BTTask.m */; };
		3FBC2D8D1704508700F58D7F /* BTThreadPoolViewController.m in Sources */ = {isa = PBXBuildFile; fileRef = 3FBC2D8C1704508700F58D7F /* BTThreadPoolViewController.m */; };
		3FE2AB541745C174004B669C /* EGOCache.m in Sources */ = {isa = PBXBuildFile; fileRef = 3FE2AB531745C174004B669C /* EGOCache.m */; };
		3FE2AB5917462DC5004B669C /* BTCache.m in Sources */ = {isa = PBXBuildFile; fileRef = 3FE2AB5817462DC5004B669C /* BTCache.m */; };
		3FE2AB6117464624004B669C /* NSStringAdditions.m in Sources */ = {isa = PBXBuildFile; fileRef = 3FE2AB6017464624004B669C /* NSStringAdditions.m */; };
		3FE2AB64174647D8004B669C /* NSDataAdditions.m in Sources */ = {isa = PBXBuildFile; fileRef = 3FE2AB63174647D8004B669C /* NSDataAdditions.m */; };
		4E050E631737F5BF00B4FAE4 /* UIViewController+UIImageView.m in Sources */ = {isa = PBXBuildFile; fileRef = 4E050E621737F5BF00B4FAE4 /* UIViewController+UIImageView.m */; };
		4E43A1181716B45A00F7AD38 /* BTLockThreadPool.m in Sources */ = {isa = PBXBuildFile; fileRef = 4E43A1171716B45A00F7AD38 /* BTLockThreadPool.m */; };
		4E53086317312AAE00607C47 /* BTURLRequestOperation.m in Sources */ = {isa = PBXBuildFile; fileRef = 4E53086217312AAE00607C47 /* BTURLRequestOperation.m */; };
		4E657EF91737E7F600A46AAF /* UIImageView+Network.m in Sources */ = {isa = PBXBuildFile; fileRef = 4E657EF81737E7F600A46AAF /* UIImageView+Network.m */; };
		4E70D8DB17395D5C008F0875 /* icon.png in Resources */ = {isa = PBXBuildFile; fileRef = 4E70D8DA17395D5C008F0875 /* icon.png */; };
		4E70D8DD17395F06008F0875 /* icon2.png in Resources */ = {isa = PBXBuildFile; fileRef = 4E70D8DC17395F06008F0875 /* icon2.png */; };
		4E70D8DF17395F49008F0875 /* icon2x2.png in Resources */ = {isa = PBXBuildFile; fileRef = 4E70D8DE17395F49008F0875 /* icon2x2.png */; };
		4E7B23E91712E90100551006 /* BTRunLoopThreadPool.m in Sources */ = {isa = PBXBuildFile; fileRef = 4E7B23E81712E90100551006 /* BTRunLoopThreadPool.m */; };
		4E8707AE173AA1730061E6F7 /* global3.json in Resources */ = {isa = PBXBuildFile; fileRef = 4E8707AA173AA1730061E6F7 /* global3.json */; };
		4E8707AF173AA1730061E6F7 /* global2.json in Resources */ = {isa = PBXBuildFile; fileRef = 4E8707AB173AA1730061E6F7 /* global2.json */; };
		4E8707B0173AA1730061E6F7 /* global1.json in Resources */ = {isa = PBXBuildFile; fileRef = 4E8707AC173AA1730061E6F7 /* global1.json */; };
		4E8707B1173AA1730061E6F7 /* global0.json in Resources */ = {isa = PBXBuildFile; fileRef = 4E8707AD173AA1730061E6F7 /* global0.json */; };
		4EFA75DF172FFD5E002FC5F1 /* BTConcurrentOperation.m in Sources */ = {isa = PBXBuildFile; fileRef = 4E4744631711C6B4000AF9AD /* BTConcurrentOperation.m */; };
		4EFA75E2172FFF63002FC5F1 /* BTOperationViewController.m in Sources */ = {isa = PBXBuildFile; fileRef = 4EFA75E1172FFF63002FC5F1 /* BTOperationViewController.m */; };
/* End PBXBuildFile section */

/* Begin PBXFileReference section */
		3FBC2D61170439E400F58D7F /* BTThread.app */ = {isa = PBXFileReference; explicitFileType = wrapper.application; includeInIndex = 0; path = BTThread.app; sourceTree = BUILT_PRODUCTS_DIR; };
		3FBC2D65170439E400F58D7F /* UIKit.framework */ = {isa = PBXFileReference; lastKnownFileType = wrapper.framework; name = UIKit.framework; path = System/Library/Frameworks/UIKit.framework; sourceTree = SDKROOT; };
		3FBC2D67170439E400F58D7F /* Foundation.framework */ = {isa = PBXFileReference; lastKnownFileType = wrapper.framework; name = Foundation.framework; path = System/Library/Frameworks/Foundation.framework; sourceTree = SDKROOT; };
		3FBC2D69170439E400F58D7F /* CoreGraphics.framework */ = {isa = PBXFileReference; lastKnownFileType = wrapper.framework; name = CoreGraphics.framework; path = System/Library/Frameworks/CoreGraphics.framework; sourceTree = SDKROOT; };
		3FBC2D6D170439E400F58D7F /* BTThread-Info.plist */ = {isa = PBXFileReference; lastKnownFileType = text.plist.xml; path = "BTThread-Info.plist"; sourceTree = "<group>"; };
		3FBC2D6F170439E400F58D7F /* en */ = {isa = PBXFileReference; lastKnownFileType = text.plist.strings; name = en; path = en.lproj/InfoPlist.strings; sourceTree = "<group>"; };
		3FBC2D71170439E400F58D7F /* main.m */ = {isa = PBXFileReference; lastKnownFileType = sourcecode.c.objc; path = main.m; sourceTree = "<group>"; };
		3FBC2D73170439E400F58D7F /* BTThread-Prefix.pch */ = {isa = PBXFileReference; lastKnownFileType = sourcecode.c.h; path = "BTThread-Prefix.pch"; sourceTree = "<group>"; };
		3FBC2D74170439E400F58D7F /* BTAppDelegate.h */ = {isa = PBXFileReference; lastKnownFileType = sourcecode.c.h; path = BTAppDelegate.h; sourceTree = "<group>"; };
		3FBC2D75170439E400F58D7F /* BTAppDelegate.m */ = {isa = PBXFileReference; lastKnownFileType = sourcecode.c.objc; path = BTAppDelegate.m; sourceTree = "<group>"; };
		3FBC2D77170439E400F58D7F /* Default.png */ = {isa = PBXFileReference; lastKnownFileType = image.png; path = Default.png; sourceTree = "<group>"; };
		3FBC2D79170439E400F58D7F /* Default@2x.png */ = {isa = PBXFileReference; lastKnownFileType = image.png; path = "Default@2x.png"; sourceTree = "<group>"; };
		3FBC2D7B170439E400F58D7F /* Default-568h@2x.png */ = {isa = PBXFileReference; lastKnownFileType = image.png; path = "Default-568h@2x.png"; sourceTree = "<group>"; };
		3FBC2D8217043A1B00F58D7F /* BTRootViewController.h */ = {isa = PBXFileReference; fileEncoding = 4; lastKnownFileType = sourcecode.c.h; path = BTRootViewController.h; sourceTree = "<group>"; };
		3FBC2D8317043A1B00F58D7F /* BTRootViewController.m */ = {isa = PBXFileReference; fileEncoding = 4; lastKnownFileType = sourcecode.c.objc; path = BTRootViewController.m; sourceTree = "<group>"; };
		3FBC2D8517043D5B00F58D7F /* BTThreadPool.h */ = {isa = PBXFileReference; fileEncoding = 4; lastKnownFileType = sourcecode.c.h; path = BTThreadPool.h; sourceTree = "<group>"; };
		3FBC2D8617043D5B00F58D7F /* BTThreadPool.m */ = {isa = PBXFileReference; fileEncoding = 4; lastKnownFileType = sourcecode.c.objc; path = BTThreadPool.m; sourceTree = "<group>"; };
		3FBC2D8817044D8A00F58D7F /* BTTask.h */ = {isa = PBXFileReference; fileEncoding = 4; lastKnownFileType = sourcecode.c.h; path = BTTask.h; sourceTree = "<group>"; };
		3FBC2D8917044D8A00F58D7F /* BTTask.m */ = {isa = PBXFileReference; fileEncoding = 4; lastKnownFileType = sourcecode.c.objc; path = BTTask.m; sourceTree = "<group>"; };
		3FBC2D8B1704508700F58D7F /* BTThreadPoolViewController.h */ = {isa = PBXFileReference; fileEncoding = 4; lastKnownFileType = sourcecode.c.h; path = BTThreadPoolViewController.h; sourceTree = "<group>"; };
		3FBC2D8C1704508700F58D7F /* BTThreadPoolViewController.m */ = {isa = PBXFileReference; fileEncoding = 4; lastKnownFileType = sourcecode.c.objc; path = BTThreadPoolViewController.m; sourceTree = "<group>"; };
		3FE2AB521745C174004B669C /* EGOCache.h */ = {isa = PBXFileReference; fileEncoding = 4; lastKnownFileType = sourcecode.c.h; path = EGOCache.h; sourceTree = "<group>"; };
		3FE2AB531745C174004B669C /* EGOCache.m */ = {isa = PBXFileReference; fileEncoding = 4; lastKnownFileType = sourcecode.c.objc; path = EGOCache.m; sourceTree = "<group>"; };
		3FE2AB5717462DC5004B669C /* BTCache.h */ = {isa = PBXFileReference; fileEncoding = 4; lastKnownFileType = sourcecode.c.h; path = BTCache.h; sourceTree = "<group>"; };
		3FE2AB5817462DC5004B669C /* BTCache.m */ = {isa = PBXFileReference; fileEncoding = 4; lastKnownFileType = sourcecode.c.objc; path = BTCache.m; sourceTree = "<group>"; };
		3FE2AB5F17464624004B669C /* NSStringAdditions.h */ = {isa = PBXFileReference; fileEncoding = 4; lastKnownFileType = sourcecode.c.h; path = NSStringAdditions.h; sourceTree = "<group>"; };
		3FE2AB6017464624004B669C /* NSStringAdditions.m */ = {isa = PBXFileReference; fileEncoding = 4; lastKnownFileType = sourcecode.c.objc; path = NSStringAdditions.m; sourceTree = "<group>"; };
		3FE2AB62174647D8004B669C /* NSDataAdditions.h */ = {isa = PBXFileReference; fileEncoding = 4; lastKnownFileType = sourcecode.c.h; path = NSDataAdditions.h; sourceTree = "<group>"; };
		3FE2AB63174647D8004B669C /* NSDataAdditions.m */ = {isa = PBXFileReference; fileEncoding = 4; lastKnownFileType = sourcecode.c.objc; path = NSDataAdditions.m; sourceTree = "<group>"; };
		4E050E611737F5BF00B4FAE4 /* UIViewController+UIImageView.h */ = {isa = PBXFileReference; fileEncoding = 4; lastKnownFileType = sourcecode.c.h; path = "UIViewController+UIImageView.h"; sourceTree = "<group>"; };
		4E050E621737F5BF00B4FAE4 /* UIViewController+UIImageView.m */ = {isa = PBXFileReference; fileEncoding = 4; lastKnownFileType = sourcecode.c.objc; path = "UIViewController+UIImageView.m"; sourceTree = "<group>"; };
		4E43A1161716B45A00F7AD38 /* BTLockThreadPool.h */ = {isa = PBXFileReference; fileEncoding = 4; lastKnownFileType = sourcecode.c.h; path = BTLockThreadPool.h; sourceTree = "<group>"; };
		4E43A1171716B45A00F7AD38 /* BTLockThreadPool.m */ = {isa = PBXFileReference; fileEncoding = 4; lastKnownFileType = sourcecode.c.objc; path = BTLockThreadPool.m; sourceTree = "<group>"; };
		4E4744621711C6B4000AF9AD /* BTConcurrentOperation.h */ = {isa = PBXFileReference; lastKnownFileType = sourcecode.c.h; path = BTConcurrentOperation.h; sourceTree = "<group>"; };
		4E4744631711C6B4000AF9AD /* BTConcurrentOperation.m */ = {isa = PBXFileReference; lastKnownFileType = sourcecode.c.objc; path = BTConcurrentOperation.m; sourceTree = "<group>"; };
		4E53086117312AAD00607C47 /* BTURLRequestOperation.h */ = {isa = PBXFileReference; fileEncoding = 4; lastKnownFileType = sourcecode.c.h; path = BTURLRequestOperation.h; sourceTree = "<group>"; };
		4E53086217312AAE00607C47 /* BTURLRequestOperation.m */ = {isa = PBXFileReference; fileEncoding = 4; lastKnownFileType = sourcecode.c.objc; path = BTURLRequestOperation.m; sourceTree = "<group>"; };
		4E657EF71737E7F600A46AAF /* UIImageView+Network.h */ = {isa = PBXFileReference; fileEncoding = 4; lastKnownFileType = sourcecode.c.h; path = "UIImageView+Network.h"; sourceTree = "<group>"; };
		4E657EF81737E7F600A46AAF /* UIImageView+Network.m */ = {isa = PBXFileReference; fileEncoding = 4; lastKnownFileType = sourcecode.c.objc; path = "UIImageView+Network.m"; sourceTree = "<group>"; };
		4E70D8DA17395D5C008F0875 /* icon.png */ = {isa = PBXFileReference; lastKnownFileType = image.png; path = icon.png; sourceTree = "<group>"; };
		4E70D8DC17395F06008F0875 /* icon2.png */ = {isa = PBXFileReference; lastKnownFileType = image.png; path = icon2.png; sourceTree = "<group>"; };
		4E70D8DE17395F49008F0875 /* icon2x2.png */ = {isa = PBXFileReference; lastKnownFileType = image.png; path = icon2x2.png; sourceTree = "<group>"; };
		4E7B23E71712E90100551006 /* BTRunLoopThreadPool.h */ = {isa = PBXFileReference; fileEncoding = 4; lastKnownFileType = sourcecode.c.h; path = BTRunLoopThreadPool.h; sourceTree = "<group>"; };
		4E7B23E81712E90100551006 /* BTRunLoopThreadPool.m */ = {isa = PBXFileReference; fileEncoding = 4; lastKnownFileType = sourcecode.c.objc; path = BTRunLoopThreadPool.m; sourceTree = "<group>"; };
		4E8707AA173AA1730061E6F7 /* global3.json */ = {isa = PBXFileReference; fileEncoding = 4; lastKnownFileType = text.json; path = global3.json; sourceTree = "<group>"; };
		4E8707AB173AA1730061E6F7 /* global2.json */ = {isa = PBXFileReference; fileEncoding = 4; lastKnownFileType = text.json; path = global2.json; sourceTree = "<group>"; };
		4E8707AC173AA1730061E6F7 /* global1.json */ = {isa = PBXFileReference; fileEncoding = 4; lastKnownFileType = text.json; path = global1.json; sourceTree = "<group>"; };
		4E8707AD173AA1730061E6F7 /* global0.json */ = {isa = PBXFileReference; fileEncoding = 4; lastKnownFileType = text.json; path = global0.json; sourceTree = "<group>"; };
		4EFA75E0172FFF63002FC5F1 /* BTOperationViewController.h */ = {isa = PBXFileReference; fileEncoding = 4; lastKnownFileType = sourcecode.c.h; path = BTOperationViewController.h; sourceTree = "<group>"; };
		4EFA75E1172FFF63002FC5F1 /* BTOperationViewController.m */ = {isa = PBXFileReference; fileEncoding = 4; lastKnownFileType = sourcecode.c.objc; path = BTOperationViewController.m; sourceTree = "<group>"; };
/* End PBXFileReference section */

/* Begin PBXFrameworksBuildPhase section */
		3FBC2D5E170439E400F58D7F /* Frameworks */ = {
			isa = PBXFrameworksBuildPhase;
			buildActionMask = 2147483647;
			files = (
				3FBC2D66170439E400F58D7F /* UIKit.framework in Frameworks */,
				3FBC2D68170439E400F58D7F /* Foundation.framework in Frameworks */,
				3FBC2D6A170439E400F58D7F /* CoreGraphics.framework in Frameworks */,
			);
			runOnlyForDeploymentPostprocessing = 0;
		};
/* End PBXFrameworksBuildPhase section */

/* Begin PBXGroup section */
		3FBC2D56170439E400F58D7F = {
			isa = PBXGroup;
			children = (
				3FBC2D6B170439E400F58D7F /* BTThread */,
				3FBC2D64170439E400F58D7F /* Frameworks */,
				3FBC2D62170439E400F58D7F /* Products */,
			);
			sourceTree = "<group>";
		};
		3FBC2D62170439E400F58D7F /* Products */ = {
			isa = PBXGroup;
			children = (
				3FBC2D61170439E400F58D7F /* BTThread.app */,
			);
			name = Products;
			sourceTree = "<group>";
		};
		3FBC2D64170439E400F58D7F /* Frameworks */ = {
			isa = PBXGroup;
			children = (
				3FBC2D65170439E400F58D7F /* UIKit.framework */,
				3FBC2D67170439E400F58D7F /* Foundation.framework */,
				3FBC2D69170439E400F58D7F /* CoreGraphics.framework */,
			);
			name = Frameworks;
			sourceTree = "<group>";
		};
		3FBC2D6B170439E400F58D7F /* BTThread */ = {
			isa = PBXGroup;
			children = (
				3FE2AB62174647D8004B669C /* NSDataAdditions.h */,
				3FE2AB63174647D8004B669C /* NSDataAdditions.m */,
				3FE2AB5F17464624004B669C /* NSStringAdditions.h */,
				3FE2AB6017464624004B669C /* NSStringAdditions.m */,
				3FE2AB561745C191004B669C /* Cache */,
				3FBC2D8217043A1B00F58D7F /* BTRootViewController.h */,
				3FBC2D8317043A1B00F58D7F /* BTRootViewController.m */,
				4E4744611711C6A0000AF9AD /* Operation */,
				4E4744601711C68A000AF9AD /* Thread */,
				3FBC2D74170439E400F58D7F /* BTAppDelegate.h */,
				3FBC2D75170439E400F58D7F /* BTAppDelegate.m */,
				3FBC2D6C170439E400F58D7F /* Supporting Files */,
			);
			path = BTThread;
			sourceTree = "<group>";
		};
		3FBC2D6C170439E400F58D7F /* Supporting Files */ = {
			isa = PBXGroup;
			children = (
				4E8707AA173AA1730061E6F7 /* global3.json */,
				4E8707AB173AA1730061E6F7 /* global2.json */,
				4E8707AC173AA1730061E6F7 /* global1.json */,
				4E8707AD173AA1730061E6F7 /* global0.json */,
				4E70D8DC17395F06008F0875 /* icon2.png */,
				4E70D8DE17395F49008F0875 /* icon2x2.png */,
				4E70D8DA17395D5C008F0875 /* icon.png */,
				3FBC2D6D170439E400F58D7F /* BTThread-Info.plist */,
				3FBC2D6E170439E400F58D7F /* InfoPlist.strings */,
				3FBC2D71170439E400F58D7F /* main.m */,
				3FBC2D73170439E400F58D7F /* BTThread-Prefix.pch */,
				3FBC2D77170439E400F58D7F /* Default.png */,
				3FBC2D79170439E400F58D7F /* Default@2x.png */,
				3FBC2D7B170439E400F58D7F /* Default-568h@2x.png */,
			);
			name = "Supporting Files";
			sourceTree = "<group>";
		};
		3FE2AB561745C191004B669C /* Cache */ = {
			isa = PBXGroup;
			children = (
				3FE2AB521745C174004B669C /* EGOCache.h */,
				3FE2AB531745C174004B669C /* EGOCache.m */,
				3FE2AB5717462DC5004B669C /* BTCache.h */,
				3FE2AB5817462DC5004B669C /* BTCache.m */,
			);
			name = Cache;
			sourceTree = "<group>";
		};
		4E4744601711C68A000AF9AD /* Thread */ = {
			isa = PBXGroup;
			children = (
				3FBC2D8B1704508700F58D7F /* BTThreadPoolViewController.h */,
				3FBC2D8C1704508700F58D7F /* BTThreadPoolViewController.m */,
				3FBC2D8517043D5B00F58D7F /* BTThreadPool.h */,
				3FBC2D8617043D5B00F58D7F /* BTThreadPool.m */,
				4E43A1161716B45A00F7AD38 /* BTLockThreadPool.h */,
				4E43A1171716B45A00F7AD38 /* BTLockThreadPool.m */,
				4E7B23E71712E90100551006 /* BTRunLoopThreadPool.h */,
				4E7B23E81712E90100551006 /* BTRunLoopThreadPool.m */,
				3FBC2D8817044D8A00F58D7F /* BTTask.h */,
				3FBC2D8917044D8A00F58D7F /* BTTask.m */,
			);
			name = Thread;
			sourceTree = "<group>";
		};
		4E4744611711C6A0000AF9AD /* Operation */ = {
			isa = PBXGroup;
			children = (
				4E4744621711C6B4000AF9AD /* BTConcurrentOperation.h */,
				4E4744631711C6B4000AF9AD /* BTConcurrentOperation.m */,
				4E53086117312AAD00607C47 /* BTURLRequestOperation.h */,
				4E53086217312AAE00607C47 /* BTURLRequestOperation.m */,
				4EFA75E0172FFF63002FC5F1 /* BTOperationViewController.h */,
				4EFA75E1172FFF63002FC5F1 /* BTOperationViewController.m */,
				4E657EF71737E7F600A46AAF /* UIImageView+Network.h */,
				4E657EF81737E7F600A46AAF /* UIImageView+Network.m */,
				4E050E611737F5BF00B4FAE4 /* UIViewController+UIImageView.h */,
				4E050E621737F5BF00B4FAE4 /* UIViewController+UIImageView.m */,
			);
			name = Operation;
			sourceTree = "<group>";
		};
/* End PBXGroup section */

/* Begin PBXNativeTarget section */
		3FBC2D60170439E400F58D7F /* BTThread */ = {
			isa = PBXNativeTarget;
			buildConfigurationList = 3FBC2D7F170439E400F58D7F /* Build configuration list for PBXNativeTarget "BTThread" */;
			buildPhases = (
				3FBC2D5D170439E400F58D7F /* Sources */,
				3FBC2D5E170439E400F58D7F /* Frameworks */,
				3FBC2D5F170439E400F58D7F /* Resources */,
			);
			buildRules = (
			);
			dependencies = (
			);
			name = BTThread;
			productName = BTThread;
			productReference = 3FBC2D61170439E400F58D7F /* BTThread.app */;
			productType = "com.apple.product-type.application";
		};
/* End PBXNativeTarget section */

/* Begin PBXProject section */
		3FBC2D58170439E400F58D7F /* Project object */ = {
			isa = PBXProject;
			attributes = {
				CLASSPREFIX = BT;
				LastUpgradeCheck = 0450;
				ORGANIZATIONNAME = "He baochen";
			};
			buildConfigurationList = 3FBC2D5B170439E400F58D7F /* Build configuration list for PBXProject "BTThread" */;
			compatibilityVersion = "Xcode 3.2";
			developmentRegion = English;
			hasScannedForEncodings = 0;
			knownRegions = (
				en,
			);
			mainGroup = 3FBC2D56170439E400F58D7F;
			productRefGroup = 3FBC2D62170439E400F58D7F /* Products */;
			projectDirPath = "";
			projectRoot = "";
			targets = (
				3FBC2D60170439E400F58D7F /* BTThread */,
			);
		};
/* End PBXProject section */

/* Begin PBXResourcesBuildPhase section */
		3FBC2D5F170439E400F58D7F /* Resources */ = {
			isa = PBXResourcesBuildPhase;
			buildActionMask = 2147483647;
			files = (
				3FBC2D70170439E400F58D7F /* InfoPlist.strings in Resources */,
				3FBC2D78170439E400F58D7F /* Default.png in Resources */,
				3FBC2D7A170439E400F58D7F /* Default@2x.png in Resources */,
				3FBC2D7C170439E400F58D7F /* Default-568h@2x.png in Resources */,
				4E70D8DB17395D5C008F0875 /* icon.png in Resources */,
				4E70D8DD17395F06008F0875 /* icon2.png in Resources */,
				4E70D8DF17395F49008F0875 /* icon2x2.png in Resources */,
				4E8707AE173AA1730061E6F7 /* global3.json in Resources */,
				4E8707AF173AA1730061E6F7 /* global2.json in Resources */,
				4E8707B0173AA1730061E6F7 /* global1.json in Resources */,
				4E8707B1173AA1730061E6F7 /* global0.json in Resources */,
			);
			runOnlyForDeploymentPostprocessing = 0;
		};
/* End PBXResourcesBuildPhase section */

/* Begin PBXSourcesBuildPhase section */
		3FBC2D5D170439E400F58D7F /* Sources */ = {
			isa = PBXSourcesBuildPhase;
			buildActionMask = 2147483647;
			files = (
				4EFA75DF172FFD5E002FC5F1 /* BTConcurrentOperation.m in Sources */,
				3FBC2D72170439E400F58D7F /* main.m in Sources */,
				3FBC2D76170439E400F58D7F /* BTAppDelegate.m in Sources */,
				3FBC2D8417043A1B00F58D7F /* BTRootViewController.m in Sources */,
				3FBC2D8717043D5B00F58D7F /* BTThreadPool.m in Sources */,
				3FBC2D8A17044D8A00F58D7F /* BTTask.m in Sources */,
				3FBC2D8D1704508700F58D7F /* BTThreadPoolViewController.m in Sources */,
				4E7B23E91712E90100551006 /* BTRunLoopThreadPool.m in Sources */,
				4E43A1181716B45A00F7AD38 /* BTLockThreadPool.m in Sources */,
				4EFA75E2172FFF63002FC5F1 /* BTOperationViewController.m in Sources */,
				4E53086317312AAE00607C47 /* BTURLRequestOperation.m in Sources */,
				4E657EF91737E7F600A46AAF /* UIImageView+Network.m in Sources */,
				4E050E631737F5BF00B4FAE4 /* UIViewController+UIImageView.m in Sources */,
				3FE2AB541745C174004B669C /* EGOCache.m in Sources */,
				3FE2AB5917462DC5004B669C /* BTCache.m in Sources */,
				3FE2AB6117464624004B669C /* NSStringAdditions.m in Sources */,
				3FE2AB64174647D8004B669C /* NSDataAdditions.m in Sources */,
			);
			runOnlyForDeploymentPostprocessing = 0;
		};
/* End PBXSourcesBuildPhase section */

/* Begin PBXVariantGroup section */
		3FBC2D6E170439E400F58D7F /* InfoPlist.strings */ = {
			isa = PBXVariantGroup;
			children = (
				3FBC2D6F170439E400F58D7F /* en */,
			);
			name = InfoPlist.strings;
			sourceTree = "<group>";
		};
/* End PBXVariantGroup section */

/* Begin XCBuildConfiguration section */
		3FBC2D7D170439E400F58D7F /* Debug */ = {
			isa = XCBuildConfiguration;
			buildSettings = {
				ALWAYS_SEARCH_USER_PATHS = NO;
				CLANG_CXX_LANGUAGE_STANDARD = "gnu++0x";
				CLANG_CXX_LIBRARY = "libc++";
				CLANG_WARN_EMPTY_BODY = YES;
				CLANG_WARN__DUPLICATE_METHOD_MATCH = YES;
				"CODE_SIGN_IDENTITY[sdk=iphoneos*]" = "iPhone Developer";
				COPY_PHASE_STRIP = NO;
				GCC_C_LANGUAGE_STANDARD = gnu99;
				GCC_DYNAMIC_NO_PIC = NO;
				GCC_OPTIMIZATION_LEVEL = 0;
				GCC_PREPROCESSOR_DEFINITIONS = (
					"DEBUG=1",
					"$(inherited)",
				);
				GCC_SYMBOLS_PRIVATE_EXTERN = NO;
				GCC_WARN_ABOUT_RETURN_TYPE = YES;
				GCC_WARN_UNINITIALIZED_AUTOS = YES;
				GCC_WARN_UNUSED_VARIABLE = YES;
				IPHONEOS_DEPLOYMENT_TARGET = 6.0;
				SDKROOT = iphoneos;
			};
			name = Debug;
		};
		3FBC2D7E170439E400F58D7F /* Release */ = {
			isa = XCBuildConfiguration;
			buildSettings = {
				ALWAYS_SEARCH_USER_PATHS = NO;
				CLANG_CXX_LANGUAGE_STANDARD = "gnu++0x";
				CLANG_CXX_LIBRARY = "libc++";
				CLANG_WARN_EMPTY_BODY = YES;
				CLANG_WARN__DUPLICATE_METHOD_MATCH = YES;
				"CODE_SIGN_IDENTITY[sdk=iphoneos*]" = "iPhone Developer";
				COPY_PHASE_STRIP = YES;
				GCC_C_LANGUAGE_STANDARD = gnu99;
				GCC_WARN_ABOUT_RETURN_TYPE = YES;
				GCC_WARN_UNINITIALIZED_AUTOS = YES;
				GCC_WARN_UNUSED_VARIABLE = YES;
				IPHONEOS_DEPLOYMENT_TARGET = 6.0;
				OTHER_CFLAGS = "-DNS_BLOCK_ASSERTIONS=1";
				SDKROOT = iphoneos;
				VALIDATE_PRODUCT = YES;
			};
			name = Release;
		};
		3FBC2D80170439E400F58D7F /* Debug */ = {
			isa = XCBuildConfiguration;
			buildSettings = {
				GCC_PRECOMPILE_PREFIX_HEADER = YES;
				GCC_PREFIX_HEADER = "BTThread/BTThread-Prefix.pch";
				INFOPLIST_FILE = "BTThread/BTThread-Info.plist";
				PRODUCT_NAME = "$(TARGET_NAME)";
				TARGETED_DEVICE_FAMILY = 1;
				WRAPPER_EXTENSION = app;
			};
			name = Debug;
		};
		3FBC2D81170439E400F58D7F /* Release */ = {
			isa = XCBuildConfiguration;
			buildSettings = {
				GCC_PRECOMPILE_PREFIX_HEADER = YES;
				GCC_PREFIX_HEADER = "BTThread/BTThread-Prefix.pch";
				INFOPLIST_FILE = "BTThread/BTThread-Info.plist";
				PRODUCT_NAME = "$(TARGET_NAME)";
				TARGETED_DEVICE_FAMILY = 1;
				WRAPPER_EXTENSION = app;
			};
			name = Release;
		};
/* End XCBuildConfiguration section */

/* Begin XCConfigurationList section */
		3FBC2D5B170439E400F58D7F /* Build configuration list for PBXProject "BTThread" */ = {
			isa = XCConfigurationList;
			buildConfigurations = (
				3FBC2D7D170439E400F58D7F /* Debug */,
				3FBC2D7E170439E400F58D7F /* Release */,
			);
			defaultConfigurationIsVisible = 0;
			defaultConfigurationName = Release;
		};
		3FBC2D7F170439E400F58D7F /* Build configuration list for PBXNativeTarget "BTThread" */ = {
			isa = XCConfigurationList;
			buildConfigurations = (
				3FBC2D80170439E400F58D7F /* Debug */,
				3FBC2D81170439E400F58D7F /* Release */,
			);
			defaultConfigurationIsVisible = 0;
			defaultConfigurationName = Release;
		};
/* End XCConfigurationList section */
	};
	rootObject = 3FBC2D58170439E400F58D7F /* Project object */;
}
